// !$*UTF8*$!
{
	archiveVersion = 1;
	classes = {
	};
	objectVersion = 50;
	objects = {

/* Begin PBXBuildFile section */
		C795FA2F210E66480087B7BF /* AppDelegate.m in Sources */ = {isa = PBXBuildFile; fileRef = C795FA2E210E66480087B7BF /* AppDelegate.m */; };
		C795FA32210E66480087B7BF /* ViewController.m in Sources */ = {isa = PBXBuildFile; fileRef = C795FA31210E66480087B7BF /* ViewController.m */; };
		C795FA35210E66480087B7BF /* Main.storyboard in Resources */ = {isa = PBXBuildFile; fileRef = C795FA33210E66480087B7BF /* Main.storyboard */; };
		C795FA37210E664A0087B7BF /* Assets.xcassets in Resources */ = {isa = PBXBuildFile; fileRef = C795FA36210E664A0087B7BF /* Assets.xcassets */; };
		C795FA3A210E664A0087B7BF /* LaunchScreen.storyboard in Resources */ = {isa = PBXBuildFile; fileRef = C795FA38210E664A0087B7BF /* LaunchScreen.storyboard */; };
		C795FA3D210E664A0087B7BF /* main.m in Sources */ = {isa = PBXBuildFile; fileRef = C795FA3C210E664A0087B7BF /* main.m */; };
/* End PBXBuildFile section */

/* Begin PBXFileReference section */
		C795FA2A210E66480087B7BF /* Touche.app */ = {isa = PBXFileReference; explicitFileType = wrapper.application; includeInIndex = 0; path = Touche.app; sourceTree = BUILT_PRODUCTS_DIR; };
		C795FA2D210E66480087B7BF /* AppDelegate.h */ = {isa = PBXFileReference; lastKnownFileType = sourcecode.c.h; path = AppDelegate.h; sourceTree = "<group>"; };
		C795FA2E210E66480087B7BF /* AppDelegate.m */ = {isa = PBXFileReference; lastKnownFileType = sourcecode.c.objc; path = AppDelegate.m; sourceTree = "<group>"; };
		C795FA30210E66480087B7BF /* ViewController.h */ = {isa = PBXFileReference; lastKnownFileType = sourcecode.c.h; path = ViewController.h; sourceTree = "<group>"; };
		C795FA31210E66480087B7BF /* ViewController.m */ = {isa = PBXFileReference; lastKnownFileType = sourcecode.c.objc; path = ViewController.m; sourceTree = "<group>"; };
		C795FA34210E66480087B7BF /* Base */ = {isa = PBXFileReference; lastKnownFileType = file.storyboard; name = Base; path = Base.lproj/Main.storyboard; sourceTree = "<group>"; };
		C795FA36210E664A0087B7BF /* Assets.xcassets */ = {isa = PBXFileReference; lastKnownFileType = folder.assetcatalog; path = Assets.xcassets; sourceTree = "<group>"; };
		C795FA39210E664A0087B7BF /* Base */ = {isa = PBXFileReference; lastKnownFileType = file.storyboard; name = Base; path = Base.lproj/LaunchScreen.storyboard; sourceTree = "<group>"; };
		C795FA3B210E664A0087B7BF /* Info.plist */ = {isa = PBXFileReference; lastKnownFileType = text.plist.xml; path = Info.plist; sourceTree = "<group>"; };
		C795FA3C210E664A0087B7BF /* main.m */ = {isa = PBXFileReference; lastKnownFileType = sourcecode.c.objc; path = main.m; sourceTree = "<group>"; };
/* End PBXFileReference section */

/* Begin PBXFrameworksBuildPhase section */
		C795FA27210E66480087B7BF /* Frameworks */ = {
			isa = PBXFrameworksBuildPhase;
			buildActionMask = 2147483647;
			files = (
			);
			runOnlyForDeploymentPostprocessing = 0;
		};
/* End PBXFrameworksBuildPhase section */

/* Begin PBXGroup section */
		C795FA21210E66480087B7BF = {
			isa = PBXGroup;
			children = (
				C795FA2C210E66480087B7BF /* Touche */,
				C795FA2B210E66480087B7BF /* Products */,
			);
			sourceTree = "<group>";
		};
		C795FA2B210E66480087B7BF /* Products */ = {
			isa = PBXGroup;
			children = (
				C795FA2A210E66480087B7BF /* Touche.app */,
			);
			name = Products;
			sourceTree = "<group>";
		};
		C795FA2C210E66480087B7BF /* Touche */ = {
			isa = PBXGroup;
			children = (
				C795FA2D210E66480087B7BF /* AppDelegate.h */,
				C795FA2E210E66480087B7BF /* AppDelegate.m */,
				C795FA30210E66480087B7BF /* ViewController.h */,
				C795FA31210E66480087B7BF /* ViewController.m */,
				C795FA33210E66480087B7BF /* Main.storyboard */,
				C795FA36210E664A0087B7BF /* Assets.xcassets */,
				C795FA38210E664A0087B7BF /* LaunchScreen.storyboard */,
				C795FA3B210E664A0087B7BF /* Info.plist */,
				C795FA3C210E664A0087B7BF /* main.m */,
			);
			path = Touche;
			sourceTree = "<group>";
		};
/* End PBXGroup section */

/* Begin PBXNativeTarget section */
		C795FA29210E66480087B7BF /* Touche */ = {
			isa = PBXNativeTarget;
			buildConfigurationList = C795FA40210E664A0087B7BF /* Build configuration list for PBXNativeTarget "Touche" */;
			buildPhases = (
				C795FA26210E66480087B7BF /* Sources */,
				C795FA27210E66480087B7BF /* Frameworks */,
				C795FA28210E66480087B7BF /* Resources */,
			);
			buildRules = (
			);
			dependencies = (
			);
			name = Touche;
			productName = Touche;
			productReference = C795FA2A210E66480087B7BF /* Touche.app */;
			productType = "com.apple.product-type.application";
		};
/* End PBXNativeTarget section */

/* Begin PBXProject section */
		C795FA22210E66480087B7BF /* Project object */ = {
			isa = PBXProject;
			attributes = {
				LastUpgradeCheck = 0940;
				ORGANIZATIONNAME = "Peter Molnar";
				TargetAttributes = {
					C795FA29210E66480087B7BF = {
						CreatedOnToolsVersion = 9.4.1;
					};
				};
			};
			buildConfigurationList = C795FA25210E66480087B7BF /* Build configuration list for PBXProject "Touche" */;
			compatibilityVersion = "Xcode 9.3";
			developmentRegion = en;
			hasScannedForEncodings = 0;
			knownRegions = (
				en,
				Base,
			);
			mainGroup = C795FA21210E66480087B7BF;
			productRefGroup = C795FA2B210E66480087B7BF /* Products */;
			projectDirPath = "";
			projectRoot = "";
			targets = (
				C795FA29210E66480087B7BF /* Touche */,
			);
		};
/* End PBXProject section */

/* Begin PBXResourcesBuildPhase section */
		C795FA28210E66480087B7BF /* Resources */ = {
			isa = PBXResourcesBuildPhase;
			buildActionMask = 2147483647;
			files = (
				C795FA3A210E664A0087B7BF /* LaunchScreen.storyboard in Resources */,
				C795FA37210E664A0087B7BF /* Assets.xcassets in Resources */,
				C795FA35210E66480087B7BF /* Main.storyboard in Resources */,
			);
			runOnlyForDeploymentPostprocessing = 0;
		};
/* End PBXResourcesBuildPhase section */

/* Begin PBXSourcesBuildPhase section */
		C795FA26210E66480087B7BF /* Sources */ = {
			isa = PBXSourcesBuildPhase;
			buildActionMask = 2147483647;
			files = (
				C795FA32210E66480087B7BF /* ViewController.m in Sources */,
				C795FA3D210E664A0087B7BF /* main.m in Sources */,
				C795FA2F210E66480087B7BF /* AppDelegate.m in Sources */,
			);
			runOnlyForDeploymentPostprocessing = 0;
		};
/* End PBXSourcesBuildPhase section */

/* Begin PBXVariantGroup section */
		C795FA33210E66480087B7BF /* Main.storyboard */ = {
			isa = PBXVariantGroup;
			children = (
				C795FA34210E66480087B7BF /* Base */,
			);
			name = Main.storyboard;
			sourceTree = "<group>";
		};
		C795FA38210E664A0087B7BF /* LaunchScreen.storyboard */ = {
			isa = PBXVariantGroup;
			children = (
				C795FA39210E664A0087B7BF /* Base */,
			);
			name = LaunchScreen.storyboard;
			sourceTree = "<group>";
		};
/* End PBXVariantGroup section */

/* Begin XCBuildConfiguration section */
		C795FA3E210E664A0087B7BF /* Debug */ = {
			isa = XCBuildConfiguration;
			buildSettings = {
				ALWAYS_SEARCH_USER_PATHS = NO;
				CLANG_ANALYZER_NONNULL = YES;
				CLANG_ANALYZER_NUMBER_OBJECT_CONVERSION = YES_AGGRESSIVE;
				CLANG_CXX_LANGUAGE_STANDARD = "gnu++14";
				CLANG_CXX_LIBRARY = "libc++";
				CLANG_ENABLE_MODULES = YES;
				CLANG_ENABLE_OBJC_ARC = YES;
				CLANG_ENABLE_OBJC_WEAK = YES;
				CLANG_WARN_BLOCK_CAPTURE_AUTORELEASING = YES;
				CLANG_WARN_BOOL_CONVERSION = YES;
				CLANG_WARN_COMMA = YES;
				CLANG_WARN_CONSTANT_CONVERSION = YES;
				CLANG_WARN_DEPRECATED_OBJC_IMPLEMENTATIONS = YES;
				CLANG_WARN_DIRECT_OBJC_ISA_USAGE = YES_ERROR;
				CLANG_WARN_DOCUMENTATION_COMMENTS = YES;
				CLANG_WARN_EMPTY_BODY = YES;
				CLANG_WARN_ENUM_CONVERSION = YES;
				CLANG_WARN_INFINITE_RECURSION = YES;
				CLANG_WARN_INT_CONVERSION = YES;
				CLANG_WARN_NON_LITERAL_NULL_CONVERSION = YES;
				CLANG_WARN_OBJC_IMPLICIT_RETAIN_SELF = YES;
				CLANG_WARN_OBJC_LITERAL_CONVERSION = YES;
				CLANG_WARN_OBJC_ROOT_CLASS = YES_ERROR;
				CLANG_WARN_RANGE_LOOP_ANALYSIS = YES;
				CLANG_WARN_STRICT_PROTOTYPES = YES;
				CLANG_WARN_SUSPICIOUS_MOVE = YES;
				CLANG_WARN_UNGUARDED_AVAILABILITY = YES_AGGRESSIVE;
				CLANG_WARN_UNREACHABLE_CODE = YES;
				CLANG_WARN__DUPLICATE_METHOD_MATCH = YES;
				CODE_SIGN_IDENTITY = "iPhone Developer";
				COPY_PHASE_STRIP = NO;
				DEBUG_INFORMATION_FORMAT = dwarf;
				ENABLE_STRICT_OBJC_MSGSEND = YES;
				ENABLE_TESTABILITY = YES;
				GCC_C_LANGUAGE_STANDARD = gnu11;
				GCC_DYNAMIC_NO_PIC = NO;
				GCC_NO_COMMON_BLOCKS = YES;
				GCC_OPTIMIZATION_LEVEL = 0;
				GCC_PREPROCESSOR_DEFINITIONS = (
					"DEBUG=1",
					"$(inherited)",
				);
				GCC_WARN_64_TO_32_BIT_CONVERSION = YES;
				GCC_WARN_ABOUT_RETURN_TYPE = YES_ERROR;
				GCC_WARN_UNDECLARED_SELECTOR = YES;
				GCC_WARN_UNINITIALIZED_AUTOS = YES_AGGRESSIVE;
				GCC_WARN_UNUSED_FUNCTION = YES;
				GCC_WARN_UNUSED_VARIABLE = YES;
				IPHONEOS_DEPLOYMENT_TARGET = 11.4;
				MTL_ENABLE_DEBUG_INFO = YES;
				ONLY_ACTIVE_ARCH = YES;
				SDKROOT = iphoneos;
			};
			name = Debug;
		};
		C795FA3F210E664A0087B7BF /* Release */ = {
			isa = XCBuildConfiguration;
			buildSettings = {
				ALWAYS_SEARCH_USER_PATHS = NO;
				CLANG_ANALYZER_NONNULL = YES;
				CLANG_ANALYZER_NUMBER_OBJECT_CONVERSION = YES_AGGRESSIVE;
				CLANG_CXX_LANGUAGE_STANDARD = "gnu++14";
				CLANG_CXX_LIBRARY = "libc++";
				CLANG_ENABLE_MODULES = YES;
				CLANG_ENABLE_OBJC_ARC = YES;
				CLANG_ENABLE_OBJC_WEAK = YES;
				CLANG_WARN_BLOCK_CAPTURE_AUTORELEASING = YES;
				CLANG_WARN_BOOL_CONVERSION = YES;
				CLANG_WARN_COMMA = YES;
				CLANG_WARN_CONSTANT_CONVERSION = YES;
				CLANG_WARN_DEPRECATED_OBJC_IMPLEMENTATIONS = YES;
				CLANG_WARN_DIRECT_OBJC_ISA_USAGE = YES_ERROR;
				CLANG_WARN_DOCUMENTATION_COMMENTS = YES;
				CLANG_WARN_EMPTY_BODY = YES;
				CLANG_WARN_ENUM_CONVERSION = YES;
				CLANG_WARN_INFINITE_RECURSION = YES;
				CLANG_WARN_INT_CONVERSION = YES;
				CLANG_WARN_NON_LITERAL_NULL_CONVERSION = YES;
				CLANG_WARN_OBJC_IMPLICIT_RETAIN_SELF = YES;
				CLANG_WARN_OBJC_LITERAL_CONVERSION = YES;
				CLANG_WARN_OBJC_ROOT_CLASS = YES_ERROR;
				CLANG_WARN_RANGE_LOOP_ANALYSIS = YES;
				CLANG_WARN_STRICT_PROTOTYPES = YES;
				CLANG_WARN_SUSPICIOUS_MOVE = YES;
				CLANG_WARN_UNGUARDED_AVAILABILITY = YES_AGGRESSIVE;
				CLANG_WARN_UNREACHABLE_CODE = YES;
				CLANG_WARN__DUPLICATE_METHOD_MATCH = YES;
				CODE_SIGN_IDENTITY = "iPhone Developer";
				COPY_PHASE_STRIP = NO;
				DEBUG_INFORMATION_FORMAT = "dwarf-with-dsym";
				ENABLE_NS_ASSERTIONS = NO;
				ENABLE_STRICT_OBJC_MSGSEND = YES;
				GCC_C_LANGUAGE_STANDARD = gnu11;
				GCC_NO_COMMON_BLOCKS = YES;
				GCC_WARN_64_TO_32_BIT_CONVERSION = YES;
				GCC_WARN_ABOUT_RETURN_TYPE = YES_ERROR;
				GCC_WARN_UNDECLARED_SELECTOR = YES;
				GCC_WARN_UNINITIALIZED_AUTOS = YES_AGGRESSIVE;
				GCC_WARN_UNUSED_FUNCTION = YES;
				GCC_WARN_UNUSED_VARIABLE = YES;
				IPHONEOS_DEPLOYMENT_TARGET = 11.4;
				MTL_ENABLE_DEBUG_INFO = NO;
				SDKROOT = iphoneos;
				VALIDATE_PRODUCT = YES;
			};
			name = Release;
		};
		C795FA41210E664A0087B7BF /* Debug */ = {
			isa = XCBuildConfiguration;
			buildSettings = {
				ASSETCATALOG_COMPILER_APPICON_NAME = AppIcon;
				CODE_SIGN_STYLE = Automatic;
				DEVELOPMENT_TEAM = 3YBS3Y2WC7;
				INFOPLIST_FILE = Touche/Info.plist;
				LD_RUNPATH_SEARCH_PATHS = (
					"$(inherited)",
					"@executable_path/Frameworks",
				);
				PRODUCT_BUNDLE_IDENTIFIER = hu.petermolnar.Touche;
				PRODUCT_NAME = "$(TARGET_NAME)";
				TARGETED_DEVICE_FAMILY = "1,2";
			};
			name = Debug;
		};
		C795FA42210E664A0087B7BF /* Release */ = {
			isa = XCBuildConfiguration;
			buildSettings = {
				ASSETCATALOG_COMPILER_APPICON_NAME = AppIcon;
				CODE_SIGN_STYLE = Automatic;
				DEVELOPMENT_TEAM = 3YBS3Y2WC7;
				INFOPLIST_FILE = Touche/Info.plist;
				LD_RUNPATH_SEARCH_PATHS = (
					"$(inherited)",
					"@executable_path/Frameworks",
				);
				PRODUCT_BUNDLE_IDENTIFIER = hu.petermolnar.Touche;
				PRODUCT_NAME = "$(TARGET_NAME)";
				TARGETED_DEVICE_FAMILY = "1,2";
			};
			name = Release;
		};
/* End XCBuildConfiguration section */

/* Begin XCConfigurationList section */
		C795FA25210E66480087B7BF /* Build configuration list for PBXProject "Touche" */ = {
			isa = XCConfigurationList;
			buildConfigurations = (
				C795FA3E210E664A0087B7BF /* Debug */,
				C795FA3F210E664A0087B7BF /* Release */,
			);
			defaultConfigurationIsVisible = 0;
			defaultConfigurationName = Release;
		};
		C795FA40210E664A0087B7BF /* Build configuration list for PBXNativeTarget "Touche" */ = {
			isa = XCConfigurationList;
			buildConfigurations = (
				C795FA41210E664A0087B7BF /* Debug */,
				C795FA42210E664A0087B7BF /* Release */,
			);
			defaultConfigurationIsVisible = 0;
			defaultConfigurationName = Release;
		};
/* End XCConfigurationList section */
	};
	rootObject = C795FA22210E66480087B7BF /* Project object */;
}
